
Microsoft Visual Studio Solution File, Format Version 12.00
# Visual Studio Version 17
VisualStudioVersion = 17.11.35312.102
MinimumVisualStudioVersion = 10.0.40219.1
Project("{FAE04EC0-301F-11D3-BF4B-00C04F79EFBC}") = "CustomStringMethods", "CustomStringMethods\CustomStringMethods.csproj", "{09567FF9-18C1-44B5-B66C-DC9256EFDE2F}"
EndProject
Global
	GlobalSection(SolutionConfigurationPlatforms) = preSolution
		Debug|Any CPU = Debug|Any CPU
		Release|Any CPU = Release|Any CPU
	EndGlobalSection
	GlobalSection(ProjectConfigurationPlatforms) = postSolution
		{09567FF9-18C1-44B5-B66C-DC9256EFDE2F}.Debug|Any CPU.ActiveCfg = Debug|Any CPU
		{09567FF9-18C1-44B5-B66C-DC9256EFDE2F}.Debug|Any CPU.Build.0 = Debug|Any CPU
		{09567FF9-18C1-44B5-B66C-DC9256EFDE2F}.Release|Any CPU.ActiveCfg = Release|Any CPU
		{09567FF9-18C1-44B5-B66C-DC9256EFDE2F}.Release|Any CPU.Build.0 = Release|Any CPU
	EndGlobalSection
	GlobalSection(SolutionProperties) = preSolution
		HideSolutionNode = FALSE
	EndGlobalSection
	GlobalSection(ExtensibilityGlobals) = postSolution
		SolutionGuid = {AC6F7D22-6AB4-455D-BB87-1207B622B9C5}
	EndGlobalSection
EndGlobal
