
Microsoft Visual Studio Solution File, Format Version 12.00
# Visual Studio Version 17
VisualStudioVersion = 17.11.35312.102
MinimumVisualStudioVersion = 10.0.40219.1
Project("{FAE04EC0-301F-11D3-BF4B-00C04F79EFBC}") = "StringListIndexer", "StringListIndexer\StringListIndexer.csproj", "{073300CC-21DB-49A5-BB75-6B8BA045BB74}"
EndProject
Global
	GlobalSection(SolutionConfigurationPlatforms) = preSolution
		Debug|Any CPU = Debug|Any CPU
		Release|Any CPU = Release|Any CPU
	EndGlobalSection
	GlobalSection(ProjectConfigurationPlatforms) = postSolution
		{073300CC-21DB-49A5-BB75-6B8BA045BB74}.Debug|Any CPU.ActiveCfg = Debug|Any CPU
		{073300CC-21DB-49A5-BB75-6B8BA045BB74}.Debug|Any CPU.Build.0 = Debug|Any CPU
		{073300CC-21DB-49A5-BB75-6B8BA045BB74}.Release|Any CPU.ActiveCfg = Release|Any CPU
		{073300CC-21DB-49A5-BB75-6B8BA045BB74}.Release|Any CPU.Build.0 = Release|Any CPU
	EndGlobalSection
	GlobalSection(SolutionProperties) = preSolution
		HideSolutionNode = FALSE
	EndGlobalSection
	GlobalSection(ExtensibilityGlobals) = postSolution
		SolutionGuid = {16DEF0AE-ABCF-4A7D-BE39-EF425F2E1178}
	EndGlobalSection
EndGlobal
